
Microsoft Visual Studio Solution File, Format Version 12.00
# Visual Studio Version 17
VisualStudioVersion = 17.4.33213.308
MinimumVisualStudioVersion = 10.0.40219.1
Project("{FAE04EC0-301F-11D3-BF4B-00C04F79EFBC}") = "LINQDemo", "LINQDemo\LINQDemo.csproj", "{498C0D73-EA70-47C1-8848-2C285964DEA2}"
EndProject
Global
	GlobalSection(SolutionConfigurationPlatforms) = preSolution
		Debug|Any CPU = Debug|Any CPU
		Release|Any CPU = Release|Any CPU
	EndGlobalSection
	GlobalSection(ProjectConfigurationPlatforms) = postSolution
		{498C0D73-EA70-47C1-8848-2C285964DEA2}.Debug|Any CPU.ActiveCfg = Debug|Any CPU
		{498C0D73-EA70-47C1-8848-2C285964DEA2}.Debug|Any CPU.Build.0 = Debug|Any CPU
		{498C0D73-EA70-47C1-8848-2C285964DEA2}.Release|Any CPU.ActiveCfg = Release|Any CPU
		{498C0D73-EA70-47C1-8848-2C285964DEA2}.Release|Any CPU.Build.0 = Release|Any CPU
	EndGlobalSection
	GlobalSection(SolutionProperties) = preSolution
		HideSolutionNode = FALSE
	EndGlobalSection
	GlobalSection(ExtensibilityGlobals) = postSolution
		SolutionGuid = {FB813FD7-9CBD-44FE-A2A7-AEFE21CDE7DA}
	EndGlobalSection
EndGlobal
